
Microsoft Visual Studio Solution File, Format Version 12.00
# Visual Studio Version 17
VisualStudioVersion = 17.4.33122.133
MinimumVisualStudioVersion = 10.0.40219.1
Project("{9A19103F-16F7-4668-BE54-9A1E7A4F7556}") = "Cobra.Server", "Src\Cobra.Server\Cobra.Server.csproj", "{6FA95780-4890-46C7-9342-C5CC7E465EEF}"
EndProject
Project("{2150E333-8FDC-42A3-9474-1A3956D46DE8}") = "Documentation", "Documentation", "{43E1351B-28D0-45FE-A10A-545CFE650039}"
	ProjectSection(SolutionItems) = preProject
		.editorconfig = .editorconfig
		.gitignore = .gitignore
		README.md = README.md
	EndProjectSection
EndProject
Project("{8BC9CEB8-8B4A-11D0-8D11-00A0C91BC942}") = "Cobra.Hook", "Src\Cobra.Hook\Cobra.Hook.vcxproj", "{57ABB826-E2F3-4908-BBBB-634C1A747CAA}"
EndProject
Project("{9A19103F-16F7-4668-BE54-9A1E7A4F7556}") = "Cobra.Test", "Src\Cobra.Test\Cobra.Test.csproj", "{815C296D-7137-4DC6-96FF-4EC7432CEA1F}"
EndProject
Project("{9A19103F-16F7-4668-BE54-9A1E7A4F7556}") = "Cobra.Analyzer", "Src\Cobra.Analyzer\Cobra.Analyzer.csproj", "{EC31FDCB-1EF1-4B39-8404-5E3BAF26A3D2}"
EndProject
Project("{9A19103F-16F7-4668-BE54-9A1E7A4F7556}") = "Cobra.Server.Shared", "Src\Cobra.Server.Shared\Cobra.Server.Shared.csproj", "{F72C118B-6FD1-4136-97A3-3875CE0324E4}"
EndProject
Project("{9A19103F-16F7-4668-BE54-9A1E7A4F7556}") = "Cobra.Server.Edm", "Src\Cobra.Server.Edm\Cobra.Server.Edm.csproj", "{ED648EE5-11AD-45FD-995B-D4DB6D2D5263}"
EndProject
Project("{2150E333-8FDC-42A3-9474-1A3956D46DE8}") = "Tools", "Tools", "{ADCBE1D4-26D9-48A0-87A1-4BA6D851C9F5}"
EndProject
Project("{2150E333-8FDC-42A3-9474-1A3956D46DE8}") = "Tests", "Tests", "{D1082260-6FB2-4A86-B8D3-E4B75DC7A3B3}"
EndProject
Project("{9A19103F-16F7-4668-BE54-9A1E7A4F7556}") = "Cobra.Server.Sniper", "Src\Cobra.Server.Sniper\Cobra.Server.Sniper.csproj", "{9D3CA9E4-4C90-46F6-9638-1A51380ACEAF}"
EndProject
Project("{FAE04EC0-301F-11D3-BF4B-00C04F79EFBC}") = "Cobra.Server.Hitman", "Src\Cobra.Server.Hitman\Cobra.Server.Hitman.csproj", "{32FEBCBD-2000-4097-A01D-A9423C920354}"
EndProject
Global
	GlobalSection(SolutionConfigurationPlatforms) = preSolution
		Debug|Any CPU = Debug|Any CPU
		Debug|x64 = Debug|x64
		Debug|x86 = Debug|x86
		Release|Any CPU = Release|Any CPU
		Release|x64 = Release|x64
		Release|x86 = Release|x86
	EndGlobalSection
	GlobalSection(ProjectConfigurationPlatforms) = postSolution
		{6FA95780-4890-46C7-9342-C5CC7E465EEF}.Debug|Any CPU.ActiveCfg = Debug|Any CPU
		{6FA95780-4890-46C7-9342-C5CC7E465EEF}.Debug|Any CPU.Build.0 = Debug|Any CPU
		{6FA95780-4890-46C7-9342-C5CC7E465EEF}.Debug|x64.ActiveCfg = Debug|Any CPU
		{6FA95780-4890-46C7-9342-C5CC7E465EEF}.Debug|x64.Build.0 = Debug|Any CPU
		{6FA95780-4890-46C7-9342-C5CC7E465EEF}.Debug|x86.ActiveCfg = Debug|Any CPU
		{6FA95780-4890-46C7-9342-C5CC7E465EEF}.Debug|x86.Build.0 = Debug|Any CPU
		{6FA95780-4890-46C7-9342-C5CC7E465EEF}.Release|Any CPU.ActiveCfg = Release|Any CPU
		{6FA95780-4890-46C7-9342-C5CC7E465EEF}.Release|Any CPU.Build.0 = Release|Any CPU
		{6FA95780-4890-46C7-9342-C5CC7E465EEF}.Release|x64.ActiveCfg = Release|Any CPU
		{6FA95780-4890-46C7-9342-C5CC7E465EEF}.Release|x64.Build.0 = Release|Any CPU
		{6FA95780-4890-46C7-9342-C5CC7E465EEF}.Release|x86.ActiveCfg = Release|Any CPU
		{6FA95780-4890-46C7-9342-C5CC7E465EEF}.Release|x86.Build.0 = Release|Any CPU
		{57ABB826-E2F3-4908-BBBB-634C1A747CAA}.Debug|Any CPU.ActiveCfg = Debug|Win32
		{57ABB826-E2F3-4908-BBBB-634C1A747CAA}.Debug|Any CPU.Build.0 = Debug|Win32
		{57ABB826-E2F3-4908-BBBB-634C1A747CAA}.Debug|x64.ActiveCfg = Debug|x64
		{57ABB826-E2F3-4908-BBBB-634C1A747CAA}.Debug|x64.Build.0 = Debug|x64
		{57ABB826-E2F3-4908-BBBB-634C1A747CAA}.Debug|x86.ActiveCfg = Debug|Win32
		{57ABB826-E2F3-4908-BBBB-634C1A747CAA}.Debug|x86.Build.0 = Debug|Win32
		{57ABB826-E2F3-4908-BBBB-634C1A747CAA}.Release|Any CPU.ActiveCfg = Release|Win32
		{57ABB826-E2F3-4908-BBBB-634C1A747CAA}.Release|Any CPU.Build.0 = Release|Win32
		{57ABB826-E2F3-4908-BBBB-634C1A747CAA}.Release|x64.ActiveCfg = Release|x64
		{57ABB826-E2F3-4908-BBBB-634C1A747CAA}.Release|x64.Build.0 = Release|x64
		{57ABB826-E2F3-4908-BBBB-634C1A747CAA}.Release|x86.ActiveCfg = Release|Win32
		{57ABB826-E2F3-4908-BBBB-634C1A747CAA}.Release|x86.Build.0 = Release|Win32
		{815C296D-7137-4DC6-96FF-4EC7432CEA1F}.Debug|Any CPU.ActiveCfg = Debug|Any CPU
		{815C296D-7137-4DC6-96FF-4EC7432CEA1F}.Debug|Any CPU.Build.0 = Debug|Any CPU
		{815C296D-7137-4DC6-96FF-4EC7432CEA1F}.Debug|x64.ActiveCfg = Debug|Any CPU
		{815C296D-7137-4DC6-96FF-4EC7432CEA1F}.Debug|x64.Build.0 = Debug|Any CPU
		{815C296D-7137-4DC6-96FF-4EC7432CEA1F}.Debug|x86.ActiveCfg = Debug|Any CPU
		{815C296D-7137-4DC6-96FF-4EC7432CEA1F}.Debug|x86.Build.0 = Debug|Any CPU
		{815C296D-7137-4DC6-96FF-4EC7432CEA1F}.Release|Any CPU.ActiveCfg = Release|Any CPU
		{815C296D-7137-4DC6-96FF-4EC7432CEA1F}.Release|Any CPU.Build.0 = Release|Any CPU
		{815C296D-7137-4DC6-96FF-4EC7432CEA1F}.Release|x64.ActiveCfg = Release|Any CPU
		{815C296D-7137-4DC6-96FF-4EC7432CEA1F}.Release|x64.Build.0 = Release|Any CPU
		{815C296D-7137-4DC6-96FF-4EC7432CEA1F}.Release|x86.ActiveCfg = Release|Any CPU
		{815C296D-7137-4DC6-96FF-4EC7432CEA1F}.Release|x86.Build.0 = Release|Any CPU
		{EC31FDCB-1EF1-4B39-8404-5E3BAF26A3D2}.Debug|Any CPU.ActiveCfg = Debug|Any CPU
		{EC31FDCB-1EF1-4B39-8404-5E3BAF26A3D2}.Debug|Any CPU.Build.0 = Debug|Any CPU
		{EC31FDCB-1EF1-4B39-8404-5E3BAF26A3D2}.Debug|x64.ActiveCfg = Debug|Any CPU
		{EC31FDCB-1EF1-4B39-8404-5E3BAF26A3D2}.Debug|x64.Build.0 = Debug|Any CPU
		{EC31FDCB-1EF1-4B39-8404-5E3BAF26A3D2}.Debug|x86.ActiveCfg = Debug|Any CPU
		{EC31FDCB-1EF1-4B39-8404-5E3BAF26A3D2}.Debug|x86.Build.0 = Debug|Any CPU
		{EC31FDCB-1EF1-4B39-8404-5E3BAF26A3D2}.Release|Any CPU.ActiveCfg = Release|Any CPU
		{EC31FDCB-1EF1-4B39-8404-5E3BAF26A3D2}.Release|Any CPU.Build.0 = Release|Any CPU
		{EC31FDCB-1EF1-4B39-8404-5E3BAF26A3D2}.Release|x64.ActiveCfg = Release|Any CPU
		{EC31FDCB-1EF1-4B39-8404-5E3BAF26A3D2}.Release|x64.Build.0 = Release|Any CPU
		{EC31FDCB-1EF1-4B39-8404-5E3BAF26A3D2}.Release|x86.ActiveCfg = Release|Any CPU
		{EC31FDCB-1EF1-4B39-8404-5E3BAF26A3D2}.Release|x86.Build.0 = Release|Any CPU
		{F72C118B-6FD1-4136-97A3-3875CE0324E4}.Debug|Any CPU.ActiveCfg = Debug|Any CPU
		{F72C118B-6FD1-4136-97A3-3875CE0324E4}.Debug|Any CPU.Build.0 = Debug|Any CPU
		{F72C118B-6FD1-4136-97A3-3875CE0324E4}.Debug|x64.ActiveCfg = Debug|Any CPU
		{F72C118B-6FD1-4136-97A3-3875CE0324E4}.Debug|x64.Build.0 = Debug|Any CPU
		{F72C118B-6FD1-4136-97A3-3875CE0324E4}.Debug|x86.ActiveCfg = Debug|Any CPU
		{F72C118B-6FD1-4136-97A3-3875CE0324E4}.Debug|x86.Build.0 = Debug|Any CPU
		{F72C118B-6FD1-4136-97A3-3875CE0324E4}.Release|Any CPU.ActiveCfg = Release|Any CPU
		{F72C118B-6FD1-4136-97A3-3875CE0324E4}.Release|Any CPU.Build.0 = Release|Any CPU
		{F72C118B-6FD1-4136-97A3-3875CE0324E4}.Release|x64.ActiveCfg = Release|Any CPU
		{F72C118B-6FD1-4136-97A3-3875CE0324E4}.Release|x64.Build.0 = Release|Any CPU
		{F72C118B-6FD1-4136-97A3-3875CE0324E4}.Release|x86.ActiveCfg = Release|Any CPU
		{F72C118B-6FD1-4136-97A3-3875CE0324E4}.Release|x86.Build.0 = Release|Any CPU
		{ED648EE5-11AD-45FD-995B-D4DB6D2D5263}.Debug|Any CPU.ActiveCfg = Debug|Any CPU
		{ED648EE5-11AD-45FD-995B-D4DB6D2D5263}.Debug|Any CPU.Build.0 = Debug|Any CPU
		{ED648EE5-11AD-45FD-995B-D4DB6D2D5263}.Debug|x64.ActiveCfg = Debug|Any CPU
		{ED648EE5-11AD-45FD-995B-D4DB6D2D5263}.Debug|x64.Build.0 = Debug|Any CPU
		{ED648EE5-11AD-45FD-995B-D4DB6D2D5263}.Debug|x86.ActiveCfg = Debug|Any CPU
		{ED648EE5-11AD-45FD-995B-D4DB6D2D5263}.Debug|x86.Build.0 = Debug|Any CPU
		{ED648EE5-11AD-45FD-995B-D4DB6D2D5263}.Release|Any CPU.ActiveCfg = Release|Any CPU
		{ED648EE5-11AD-45FD-995B-D4DB6D2D5263}.Release|Any CPU.Build.0 = Release|Any CPU
		{ED648EE5-11AD-45FD-995B-D4DB6D2D5263}.Release|x64.ActiveCfg = Release|Any CPU
		{ED648EE5-11AD-45FD-995B-D4DB6D2D5263}.Release|x64.Build.0 = Release|Any CPU
		{ED648EE5-11AD-45FD-995B-D4DB6D2D5263}.Release|x86.ActiveCfg = Release|Any CPU
		{ED648EE5-11AD-45FD-995B-D4DB6D2D5263}.Release|x86.Build.0 = Release|Any CPU
		{9D3CA9E4-4C90-46F6-9638-1A51380ACEAF}.Debug|Any CPU.ActiveCfg = Debug|Any CPU
		{9D3CA9E4-4C90-46F6-9638-1A51380ACEAF}.Debug|Any CPU.Build.0 = Debug|Any CPU
		{9D3CA9E4-4C90-46F6-9638-1A51380ACEAF}.Debug|x64.ActiveCfg = Debug|Any CPU
		{9D3CA9E4-4C90-46F6-9638-1A51380ACEAF}.Debug|x64.Build.0 = Debug|Any CPU
		{9D3CA9E4-4C90-46F6-9638-1A51380ACEAF}.Debug|x86.ActiveCfg = Debug|Any CPU
		{9D3CA9E4-4C90-46F6-9638-1A51380ACEAF}.Debug|x86.Build.0 = Debug|Any CPU
		{9D3CA9E4-4C90-46F6-9638-1A51380ACEAF}.Release|Any CPU.ActiveCfg = Release|Any CPU
		{9D3CA9E4-4C90-46F6-9638-1A51380ACEAF}.Release|Any CPU.Build.0 = Release|Any CPU
		{9D3CA9E4-4C90-46F6-9638-1A51380ACEAF}.Release|x64.ActiveCfg = Release|Any CPU
		{9D3CA9E4-4C90-46F6-9638-1A51380ACEAF}.Release|x64.Build.0 = Release|Any CPU
		{9D3CA9E4-4C90-46F6-9638-1A51380ACEAF}.Release|x86.ActiveCfg = Release|Any CPU
		{9D3CA9E4-4C90-46F6-9638-1A51380ACEAF}.Release|x86.Build.0 = Release|Any CPU
		{32FEBCBD-2000-4097-A01D-A9423C920354}.Debug|Any CPU.ActiveCfg = Debug|Any CPU
		{32FEBCBD-2000-4097-A01D-A9423C920354}.Debug|Any CPU.Build.0 = Debug|Any CPU
		{32FEBCBD-2000-4097-A01D-A9423C920354}.Debug|x64.ActiveCfg = Debug|Any CPU
		{32FEBCBD-2000-4097-A01D-A9423C920354}.Debug|x64.Build.0 = Debug|Any CPU
		{32FEBCBD-2000-4097-A01D-A9423C920354}.Debug|x86.ActiveCfg = Debug|Any CPU
		{32FEBCBD-2000-4097-A01D-A9423C920354}.Debug|x86.Build.0 = Debug|Any CPU
		{32FEBCBD-2000-4097-A01D-A9423C920354}.Release|Any CPU.ActiveCfg = Release|Any CPU
		{32FEBCBD-2000-4097-A01D-A9423C920354}.Release|Any CPU.Build.0 = Release|Any CPU
		{32FEBCBD-2000-4097-A01D-A9423C920354}.Release|x64.ActiveCfg = Release|Any CPU
		{32FEBCBD-2000-4097-A01D-A9423C920354}.Release|x64.Build.0 = Release|Any CPU
		{32FEBCBD-2000-4097-A01D-A9423C920354}.Release|x86.ActiveCfg = Release|Any CPU
		{32FEBCBD-2000-4097-A01D-A9423C920354}.Release|x86.Build.0 = Release|Any CPU
	EndGlobalSection
	GlobalSection(SolutionProperties) = preSolution
		HideSolutionNode = FALSE
	EndGlobalSection
	GlobalSection(NestedProjects) = preSolution
		{57ABB826-E2F3-4908-BBBB-634C1A747CAA} = {ADCBE1D4-26D9-48A0-87A1-4BA6D851C9F5}
		{815C296D-7137-4DC6-96FF-4EC7432CEA1F} = {D1082260-6FB2-4A86-B8D3-E4B75DC7A3B3}
		{EC31FDCB-1EF1-4B39-8404-5E3BAF26A3D2} = {ADCBE1D4-26D9-48A0-87A1-4BA6D851C9F5}
	EndGlobalSection
	GlobalSection(ExtensibilityGlobals) = postSolution
		SolutionGuid = {742A6A34-A300-4A5A-BD85-0CBCC7421E7A}
	EndGlobalSection
EndGlobal
